
Microsoft Visual Studio Solution File, Format Version 12.00
# Visual Studio Version 16
VisualStudioVersion = 16.0.32106.194
MinimumVisualStudioVersion = 10.0.40219.1
Project("{FAE04EC0-301F-11D3-BF4B-00C04F79EFBC}") = "HC5", "HC5.csproj", "{DD6E3924-7FC2-4BFF-BD9C-929F61CFA25A}"
EndProject
Global
	GlobalSection(SolutionConfigurationPlatforms) = preSolution
		Debug|Any CPU = Debug|Any CPU
		Release|Any CPU = Release|Any CPU
	EndGlobalSection
	GlobalSection(ProjectConfigurationPlatforms) = postSolution
		{DD6E3924-7FC2-4BFF-BD9C-929F61CFA25A}.Debug|Any CPU.ActiveCfg = Debug|Any CPU
		{DD6E3924-7FC2-4BFF-BD9C-929F61CFA25A}.Debug|Any CPU.Build.0 = Debug|Any CPU
		{DD6E3924-7FC2-4BFF-BD9C-929F61CFA25A}.Release|Any CPU.ActiveCfg = Release|Any CPU
		{DD6E3924-7FC2-4BFF-BD9C-929F61CFA25A}.Release|Any CPU.Build.0 = Release|Any CPU
	EndGlobalSection
	GlobalSection(SolutionProperties) = preSolution
		HideSolutionNode = FALSE
	EndGlobalSection
	GlobalSection(ExtensibilityGlobals) = postSolution
		SolutionGuid = {C2383156-AAC8-42B8-8012-DA782BA12DA3}
	EndGlobalSection
EndGlobal
